// !$*UTF8*$!
{
	archiveVersion = 1;
	classes = {
	};
	objectVersion = 46;
	objects = {

/* Begin PBXBuildFile section */
		04637AED15DE33AE009B487D /* main.c in Sources */ = {isa = PBXBuildFile; fileRef = 04637AEC15DE33AE009B487D /* main.c */; };
		04637AEF15DE33AE009B487D /* graph_plotter.1 in CopyFiles */ = {isa = PBXBuildFile; fileRef = 04637AEE15DE33AE009B487D /* graph_plotter.1 */; };
/* End PBXBuildFile section */

/* Begin PBXCopyFilesBuildPhase section */
		04637AE615DE33AE009B487D /* CopyFiles */ = {
			isa = PBXCopyFilesBuildPhase;
			buildActionMask = 2147483647;
			dstPath = /usr/share/man/man1/;
			dstSubfolderSpec = 0;
			files = (
				04637AEF15DE33AE009B487D /* graph_plotter.1 in CopyFiles */,
			);
			runOnlyForDeploymentPostprocessing = 1;
		};
/* End PBXCopyFilesBuildPhase section */

/* Begin PBXFileReference section */
		04637AE815DE33AE009B487D /* graph_plotter */ = {isa = PBXFileReference; explicitFileType = "compiled.mach-o.executable"; includeInIndex = 0; path = graph_plotter; sourceTree = BUILT_PRODUCTS_DIR; };
		04637AEC15DE33AE009B487D /* main.c */ = {isa = PBXFileReference; lastKnownFileType = sourcecode.c.c; path = main.c; sourceTree = "<group>"; };
		04637AEE15DE33AE009B487D /* graph_plotter.1 */ = {isa = PBXFileReference; lastKnownFileType = text.man; path = graph_plotter.1; sourceTree = "<group>"; };
/* End PBXFileReference section */

/* Begin PBXFrameworksBuildPhase section */
		04637AE515DE33AE009B487D /* Frameworks */ = {
			isa = PBXFrameworksBuildPhase;
			buildActionMask = 2147483647;
			files = (
			);
			runOnlyForDeploymentPostprocessing = 0;
		};
/* End PBXFrameworksBuildPhase section */

/* Begin PBXGroup section */
		04637ADD15DE33AE009B487D = {
			isa = PBXGroup;
			children = (
				04637AEB15DE33AE009B487D /* graph_plotter */,
				04637AE915DE33AE009B487D /* Products */,
			);
			sourceTree = "<group>";
		};
		04637AE915DE33AE009B487D /* Products */ = {
			isa = PBXGroup;
			children = (
				04637AE815DE33AE009B487D /* graph_plotter */,
			);
			name = Products;
			sourceTree = "<group>";
		};
		04637AEB15DE33AE009B487D /* graph_plotter */ = {
			isa = PBXGroup;
			children = (
				04637AEC15DE33AE009B487D /* main.c */,
				04637AEE15DE33AE009B487D /* graph_plotter.1 */,
			);
			path = graph_plotter;
			sourceTree = "<group>";
		};
/* End PBXGroup section */

/* Begin PBXNativeTarget section */
		04637AE715DE33AE009B487D /* graph_plotter */ = {
			isa = PBXNativeTarget;
			buildConfigurationList = 04637AF215DE33AE009B487D /* Build configuration list for PBXNativeTarget "graph_plotter" */;
			buildPhases = (
				04637AE415DE33AE009B487D /* Sources */,
				04637AE515DE33AE009B487D /* Frameworks */,
				04637AE615DE33AE009B487D /* CopyFiles */,
			);
			buildRules = (
			);
			dependencies = (
			);
			name = graph_plotter;
			productName = graph_plotter;
			productReference = 04637AE815DE33AE009B487D /* graph_plotter */;
			productType = "com.apple.product-type.tool";
		};
/* End PBXNativeTarget section */

/* Begin PBXProject section */
		04637ADF15DE33AE009B487D /* Project object */ = {
			isa = PBXProject;
			attributes = {
				LastUpgradeCheck = 0440;
				ORGANIZATIONNAME = eamars;
			};
			buildConfigurationList = 04637AE215DE33AE009B487D /* Build configuration list for PBXProject "graph_plotter" */;
			compatibilityVersion = "Xcode 3.2";
			developmentRegion = English;
			hasScannedForEncodings = 0;
			knownRegions = (
				en,
			);
			mainGroup = 04637ADD15DE33AE009B487D;
			productRefGroup = 04637AE915DE33AE009B487D /* Products */;
			projectDirPath = "";
			projectRoot = "";
			targets = (
				04637AE715DE33AE009B487D /* graph_plotter */,
			);
		};
/* End PBXProject section */

/* Begin PBXSourcesBuildPhase section */
		04637AE415DE33AE009B487D /* Sources */ = {
			isa = PBXSourcesBuildPhase;
			buildActionMask = 2147483647;
			files = (
				04637AED15DE33AE009B487D /* main.c in Sources */,
			);
			runOnlyForDeploymentPostprocessing = 0;
		};
/* End PBXSourcesBuildPhase section */

/* Begin XCBuildConfiguration section */
		04637AF015DE33AE009B487D /* Debug */ = {
			isa = XCBuildConfiguration;
			buildSettings = {
				ALWAYS_SEARCH_USER_PATHS = NO;
				ARCHS = "$(ARCHS_STANDARD_64_BIT)";
				CLANG_CXX_LANGUAGE_STANDARD = "gnu++0x";
				CLANG_ENABLE_OBJC_ARC = YES;
				CLANG_WARN__DUPLICATE_METHOD_MATCH = YES;
				COPY_PHASE_STRIP = NO;
				GCC_C_LANGUAGE_STANDARD = gnu99;
				GCC_DYNAMIC_NO_PIC = NO;
				GCC_ENABLE_OBJC_EXCEPTIONS = YES;
				GCC_OPTIMIZATION_LEVEL = 0;
				GCC_PREPROCESSOR_DEFINITIONS = (
					"DEBUG=1",
					"$(inherited)",
				);
				GCC_SYMBOLS_PRIVATE_EXTERN = NO;
				GCC_WARN_64_TO_32_BIT_CONVERSION = YES;
				GCC_WARN_ABOUT_RETURN_TYPE = YES;
				GCC_WARN_UNINITIALIZED_AUTOS = YES;
				GCC_WARN_UNUSED_VARIABLE = YES;
				MACOSX_DEPLOYMENT_TARGET = 10.8;
				ONLY_ACTIVE_ARCH = YES;
				SDKROOT = macosx;
			};
			name = Debug;
		};
		04637AF115DE33AE009B487D /* Release */ = {
			isa = XCBuildConfiguration;
			buildSettings = {
				ALWAYS_SEARCH_USER_PATHS = NO;
				ARCHS = "$(ARCHS_STANDARD_64_BIT)";
				CLANG_CXX_LANGUAGE_STANDARD = "gnu++0x";
				CLANG_ENABLE_OBJC_ARC = YES;
				CLANG_WARN__DUPLICATE_METHOD_MATCH = YES;
				COPY_PHASE_STRIP = YES;
				DEBUG_INFORMATION_FORMAT = "dwarf-with-dsym";
				GCC_C_LANGUAGE_STANDARD = gnu99;
				GCC_ENABLE_OBJC_EXCEPTIONS = YES;
				GCC_WARN_64_TO_32_BIT_CONVERSION = YES;
				GCC_WARN_ABOUT_RETURN_TYPE = YES;
				GCC_WARN_UNINITIALIZED_AUTOS = YES;
				GCC_WARN_UNUSED_VARIABLE = YES;
				MACOSX_DEPLOYMENT_TARGET = 10.8;
				SDKROOT = macosx;
			};
			name = Release;
		};
		04637AF315DE33AE009B487D /* Debug */ = {
			isa = XCBuildConfiguration;
			buildSettings = {
				PRODUCT_NAME = "$(TARGET_NAME)";
			};
			name = Debug;
		};
		04637AF415DE33AE009B487D /* Release */ = {
			isa = XCBuildConfiguration;
			buildSettings = {
				PRODUCT_NAME = "$(TARGET_NAME)";
			};
			name = Release;
		};
/* End XCBuildConfiguration section */

/* Begin XCConfigurationList section */
		04637AE215DE33AE009B487D /* Build configuration list for PBXProject "graph_plotter" */ = {
			isa = XCConfigurationList;
			buildConfigurations = (
				04637AF015DE33AE009B487D /* Debug */,
				04637AF115DE33AE009B487D /* Release */,
			);
			defaultConfigurationIsVisible = 0;
			defaultConfigurationName = Release;
		};
		04637AF215DE33AE009B487D /* Build configuration list for PBXNativeTarget "graph_plotter" */ = {
			isa = XCConfigurationList;
			buildConfigurations = (
				04637AF315DE33AE009B487D /* Debug */,
				04637AF415DE33AE009B487D /* Release */,
			);
			defaultConfigurationIsVisible = 0;
		};
/* End XCConfigurationList section */
	};
	rootObject = 04637ADF15DE33AE009B487D /* Project object */;
}
