// !$*UTF8*$!
{
	archiveVersion = 1;
	classes = {
	};
	objectVersion = 46;
	objects = {

/* Begin PBXBuildFile section */
		0429C55C15D76CBC00E635D7 /* main.c in Sources */ = {isa = PBXBuildFile; fileRef = 0429C55B15D76CBC00E635D7 /* main.c */; };
		0429C55E15D76CBC00E635D7 /* count_letters.1 in CopyFiles */ = {isa = PBXBuildFile; fileRef = 0429C55D15D76CBC00E635D7 /* count_letters.1 */; };
/* End PBXBuildFile section */

/* Begin PBXCopyFilesBuildPhase section */
		0429C55515D76CBC00E635D7 /* CopyFiles */ = {
			isa = PBXCopyFilesBuildPhase;
			buildActionMask = 2147483647;
			dstPath = /usr/share/man/man1/;
			dstSubfolderSpec = 0;
			files = (
				0429C55E15D76CBC00E635D7 /* count_letters.1 in CopyFiles */,
			);
			runOnlyForDeploymentPostprocessing = 1;
		};
/* End PBXCopyFilesBuildPhase section */

/* Begin PBXFileReference section */
		0429C55715D76CBC00E635D7 /* count_letters */ = {isa = PBXFileReference; explicitFileType = "compiled.mach-o.executable"; includeInIndex = 0; path = count_letters; sourceTree = BUILT_PRODUCTS_DIR; };
		0429C55B15D76CBC00E635D7 /* main.c */ = {isa = PBXFileReference; lastKnownFileType = sourcecode.c.c; path = main.c; sourceTree = "<group>"; };
		0429C55D15D76CBC00E635D7 /* count_letters.1 */ = {isa = PBXFileReference; lastKnownFileType = text.man; path = count_letters.1; sourceTree = "<group>"; };
/* End PBXFileReference section */

/* Begin PBXFrameworksBuildPhase section */
		0429C55415D76CBC00E635D7 /* Frameworks */ = {
			isa = PBXFrameworksBuildPhase;
			buildActionMask = 2147483647;
			files = (
			);
			runOnlyForDeploymentPostprocessing = 0;
		};
/* End PBXFrameworksBuildPhase section */

/* Begin PBXGroup section */
		0429C54C15D76CBC00E635D7 = {
			isa = PBXGroup;
			children = (
				0429C55A15D76CBC00E635D7 /* count_letters */,
				0429C55815D76CBC00E635D7 /* Products */,
			);
			sourceTree = "<group>";
		};
		0429C55815D76CBC00E635D7 /* Products */ = {
			isa = PBXGroup;
			children = (
				0429C55715D76CBC00E635D7 /* count_letters */,
			);
			name = Products;
			sourceTree = "<group>";
		};
		0429C55A15D76CBC00E635D7 /* count_letters */ = {
			isa = PBXGroup;
			children = (
				0429C55B15D76CBC00E635D7 /* main.c */,
				0429C55D15D76CBC00E635D7 /* count_letters.1 */,
			);
			path = count_letters;
			sourceTree = "<group>";
		};
/* End PBXGroup section */

/* Begin PBXNativeTarget section */
		0429C55615D76CBC00E635D7 /* count_letters */ = {
			isa = PBXNativeTarget;
			buildConfigurationList = 0429C56115D76CBC00E635D7 /* Build configuration list for PBXNativeTarget "count_letters" */;
			buildPhases = (
				0429C55315D76CBC00E635D7 /* Sources */,
				0429C55415D76CBC00E635D7 /* Frameworks */,
				0429C55515D76CBC00E635D7 /* CopyFiles */,
			);
			buildRules = (
			);
			dependencies = (
			);
			name = count_letters;
			productName = count_letters;
			productReference = 0429C55715D76CBC00E635D7 /* count_letters */;
			productType = "com.apple.product-type.tool";
		};
/* End PBXNativeTarget section */

/* Begin PBXProject section */
		0429C54E15D76CBC00E635D7 /* Project object */ = {
			isa = PBXProject;
			attributes = {
				LastUpgradeCheck = 0440;
				ORGANIZATIONNAME = eamars;
			};
			buildConfigurationList = 0429C55115D76CBC00E635D7 /* Build configuration list for PBXProject "count_letters" */;
			compatibilityVersion = "Xcode 3.2";
			developmentRegion = English;
			hasScannedForEncodings = 0;
			knownRegions = (
				en,
			);
			mainGroup = 0429C54C15D76CBC00E635D7;
			productRefGroup = 0429C55815D76CBC00E635D7 /* Products */;
			projectDirPath = "";
			projectRoot = "";
			targets = (
				0429C55615D76CBC00E635D7 /* count_letters */,
			);
		};
/* End PBXProject section */

/* Begin PBXSourcesBuildPhase section */
		0429C55315D76CBC00E635D7 /* Sources */ = {
			isa = PBXSourcesBuildPhase;
			buildActionMask = 2147483647;
			files = (
				0429C55C15D76CBC00E635D7 /* main.c in Sources */,
			);
			runOnlyForDeploymentPostprocessing = 0;
		};
/* End PBXSourcesBuildPhase section */

/* Begin XCBuildConfiguration section */
		0429C55F15D76CBC00E635D7 /* Debug */ = {
			isa = XCBuildConfiguration;
			buildSettings = {
				ALWAYS_SEARCH_USER_PATHS = NO;
				ARCHS = "$(ARCHS_STANDARD_64_BIT)";
				CLANG_CXX_LANGUAGE_STANDARD = "gnu++0x";
				CLANG_ENABLE_OBJC_ARC = YES;
				CLANG_WARN__DUPLICATE_METHOD_MATCH = YES;
				COPY_PHASE_STRIP = NO;
				GCC_C_LANGUAGE_STANDARD = gnu99;
				GCC_DYNAMIC_NO_PIC = NO;
				GCC_ENABLE_OBJC_EXCEPTIONS = YES;
				GCC_OPTIMIZATION_LEVEL = 0;
				GCC_PREPROCESSOR_DEFINITIONS = (
					"DEBUG=1",
					"$(inherited)",
				);
				GCC_SYMBOLS_PRIVATE_EXTERN = NO;
				GCC_WARN_64_TO_32_BIT_CONVERSION = YES;
				GCC_WARN_ABOUT_RETURN_TYPE = YES;
				GCC_WARN_UNINITIALIZED_AUTOS = YES;
				GCC_WARN_UNUSED_VARIABLE = YES;
				MACOSX_DEPLOYMENT_TARGET = 10.8;
				ONLY_ACTIVE_ARCH = YES;
				SDKROOT = macosx;
			};
			name = Debug;
		};
		0429C56015D76CBC00E635D7 /* Release */ = {
			isa = XCBuildConfiguration;
			buildSettings = {
				ALWAYS_SEARCH_USER_PATHS = NO;
				ARCHS = "$(ARCHS_STANDARD_64_BIT)";
				CLANG_CXX_LANGUAGE_STANDARD = "gnu++0x";
				CLANG_ENABLE_OBJC_ARC = YES;
				CLANG_WARN__DUPLICATE_METHOD_MATCH = YES;
				COPY_PHASE_STRIP = YES;
				DEBUG_INFORMATION_FORMAT = "dwarf-with-dsym";
				GCC_C_LANGUAGE_STANDARD = gnu99;
				GCC_ENABLE_OBJC_EXCEPTIONS = YES;
				GCC_WARN_64_TO_32_BIT_CONVERSION = YES;
				GCC_WARN_ABOUT_RETURN_TYPE = YES;
				GCC_WARN_UNINITIALIZED_AUTOS = YES;
				GCC_WARN_UNUSED_VARIABLE = YES;
				MACOSX_DEPLOYMENT_TARGET = 10.8;
				SDKROOT = macosx;
			};
			name = Release;
		};
		0429C56215D76CBC00E635D7 /* Debug */ = {
			isa = XCBuildConfiguration;
			buildSettings = {
				PRODUCT_NAME = "$(TARGET_NAME)";
			};
			name = Debug;
		};
		0429C56315D76CBC00E635D7 /* Release */ = {
			isa = XCBuildConfiguration;
			buildSettings = {
				PRODUCT_NAME = "$(TARGET_NAME)";
			};
			name = Release;
		};
/* End XCBuildConfiguration section */

/* Begin XCConfigurationList section */
		0429C55115D76CBC00E635D7 /* Build configuration list for PBXProject "count_letters" */ = {
			isa = XCConfigurationList;
			buildConfigurations = (
				0429C55F15D76CBC00E635D7 /* Debug */,
				0429C56015D76CBC00E635D7 /* Release */,
			);
			defaultConfigurationIsVisible = 0;
			defaultConfigurationName = Release;
		};
		0429C56115D76CBC00E635D7 /* Build configuration list for PBXNativeTarget "count_letters" */ = {
			isa = XCConfigurationList;
			buildConfigurations = (
				0429C56215D76CBC00E635D7 /* Debug */,
				0429C56315D76CBC00E635D7 /* Release */,
			);
			defaultConfigurationIsVisible = 0;
		};
/* End XCConfigurationList section */
	};
	rootObject = 0429C54E15D76CBC00E635D7 /* Project object */;
}
