// !$*UTF8*$!
{
	archiveVersion = 1;
	classes = {
	};
	objectVersion = 46;
	objects = {

/* Begin PBXBuildFile section */
		04326FFF167FC9B800B9FE40 /* UIKit.framework in Frameworks */ = {isa = PBXBuildFile; fileRef = 04326FFE167FC9B800B9FE40 /* UIKit.framework */; };
		04327001167FC9B800B9FE40 /* Foundation.framework in Frameworks */ = {isa = PBXBuildFile; fileRef = 04327000167FC9B800B9FE40 /* Foundation.framework */; };
		04327003167FC9B800B9FE40 /* CoreGraphics.framework in Frameworks */ = {isa = PBXBuildFile; fileRef = 04327002167FC9B800B9FE40 /* CoreGraphics.framework */; };
		04327009167FC9B800B9FE40 /* InfoPlist.strings in Resources */ = {isa = PBXBuildFile; fileRef = 04327007167FC9B800B9FE40 /* InfoPlist.strings */; };
		0432700B167FC9B800B9FE40 /* main.m in Sources */ = {isa = PBXBuildFile; fileRef = 0432700A167FC9B800B9FE40 /* main.m */; };
		0432700F167FC9B800B9FE40 /* AppDelegate.m in Sources */ = {isa = PBXBuildFile; fileRef = 0432700E167FC9B800B9FE40 /* AppDelegate.m */; };
		04327011167FC9B800B9FE40 /* Default.png in Resources */ = {isa = PBXBuildFile; fileRef = 04327010167FC9B800B9FE40 /* Default.png */; };
		04327013167FC9B800B9FE40 /* Default@2x.png in Resources */ = {isa = PBXBuildFile; fileRef = 04327012167FC9B800B9FE40 /* Default@2x.png */; };
		04327015167FC9B800B9FE40 /* Default-568h@2x.png in Resources */ = {isa = PBXBuildFile; fileRef = 04327014167FC9B800B9FE40 /* Default-568h@2x.png */; };
		04327018167FC9B800B9FE40 /* MainStoryboard_iPhone.storyboard in Resources */ = {isa = PBXBuildFile; fileRef = 04327016167FC9B800B9FE40 /* MainStoryboard_iPhone.storyboard */; };
		0432701B167FC9B800B9FE40 /* MainStoryboard_iPad.storyboard in Resources */ = {isa = PBXBuildFile; fileRef = 04327019167FC9B800B9FE40 /* MainStoryboard_iPad.storyboard */; };
		0432701E167FC9B800B9FE40 /* ViewController.m in Sources */ = {isa = PBXBuildFile; fileRef = 0432701D167FC9B800B9FE40 /* ViewController.m */; };
		04327026167FC9B800B9FE40 /* SenTestingKit.framework in Frameworks */ = {isa = PBXBuildFile; fileRef = 04327025167FC9B800B9FE40 /* SenTestingKit.framework */; };
		04327027167FC9B800B9FE40 /* UIKit.framework in Frameworks */ = {isa = PBXBuildFile; fileRef = 04326FFE167FC9B800B9FE40 /* UIKit.framework */; };
		04327028167FC9B800B9FE40 /* Foundation.framework in Frameworks */ = {isa = PBXBuildFile; fileRef = 04327000167FC9B800B9FE40 /* Foundation.framework */; };
		04327030167FC9B800B9FE40 /* InfoPlist.strings in Resources */ = {isa = PBXBuildFile; fileRef = 0432702E167FC9B800B9FE40 /* InfoPlist.strings */; };
		04327033167FC9B800B9FE40 /* NewCalculatorTests.m in Sources */ = {isa = PBXBuildFile; fileRef = 04327032167FC9B800B9FE40 /* NewCalculatorTests.m */; };
/* End PBXBuildFile section */

/* Begin PBXContainerItemProxy section */
		04327029167FC9B800B9FE40 /* PBXContainerItemProxy */ = {
			isa = PBXContainerItemProxy;
			containerPortal = 04326FF1167FC9B800B9FE40 /* Project object */;
			proxyType = 1;
			remoteGlobalIDString = 04326FF9167FC9B800B9FE40;
			remoteInfo = NewCalculator;
		};
/* End PBXContainerItemProxy section */

/* Begin PBXFileReference section */
		04326FFA167FC9B800B9FE40 /* NewCalculator.app */ = {isa = PBXFileReference; explicitFileType = wrapper.application; includeInIndex = 0; path = NewCalculator.app; sourceTree = BUILT_PRODUCTS_DIR; };
		04326FFE167FC9B800B9FE40 /* UIKit.framework */ = {isa = PBXFileReference; lastKnownFileType = wrapper.framework; name = UIKit.framework; path = System/Library/Frameworks/UIKit.framework; sourceTree = SDKROOT; };
		04327000167FC9B800B9FE40 /* Foundation.framework */ = {isa = PBXFileReference; lastKnownFileType = wrapper.framework; name = Foundation.framework; path = System/Library/Frameworks/Foundation.framework; sourceTree = SDKROOT; };
		04327002167FC9B800B9FE40 /* CoreGraphics.framework */ = {isa = PBXFileReference; lastKnownFileType = wrapper.framework; name = CoreGraphics.framework; path = System/Library/Frameworks/CoreGraphics.framework; sourceTree = SDKROOT; };
		04327006167FC9B800B9FE40 /* NewCalculator-Info.plist */ = {isa = PBXFileReference; lastKnownFileType = text.plist.xml; path = "NewCalculator-Info.plist"; sourceTree = "<group>"; };
		04327008167FC9B800B9FE40 /* en */ = {isa = PBXFileReference; lastKnownFileType = text.plist.strings; name = en; path = en.lproj/InfoPlist.strings; sourceTree = "<group>"; };
		0432700A167FC9B800B9FE40 /* main.m */ = {isa = PBXFileReference; lastKnownFileType = sourcecode.c.objc; path = main.m; sourceTree = "<group>"; };
		0432700C167FC9B800B9FE40 /* NewCalculator-Prefix.pch */ = {isa = PBXFileReference; lastKnownFileType = sourcecode.c.h; path = "NewCalculator-Prefix.pch"; sourceTree = "<group>"; };
		0432700D167FC9B800B9FE40 /* AppDelegate.h */ = {isa = PBXFileReference; lastKnownFileType = sourcecode.c.h; path = AppDelegate.h; sourceTree = "<group>"; };
		0432700E167FC9B800B9FE40 /* AppDelegate.m */ = {isa = PBXFileReference; lastKnownFileType = sourcecode.c.objc; path = AppDelegate.m; sourceTree = "<group>"; };
		04327010167FC9B800B9FE40 /* Default.png */ = {isa = PBXFileReference; lastKnownFileType = image.png; path = Default.png; sourceTree = "<group>"; };
		04327012167FC9B800B9FE40 /* Default@2x.png */ = {isa = PBXFileReference; lastKnownFileType = image.png; path = "Default@2x.png"; sourceTree = "<group>"; };
		04327014167FC9B800B9FE40 /* Default-568h@2x.png */ = {isa = PBXFileReference; lastKnownFileType = image.png; path = "Default-568h@2x.png"; sourceTree = "<group>"; };
		04327017167FC9B800B9FE40 /* en */ = {isa = PBXFileReference; lastKnownFileType = file.storyboard; name = en; path = en.lproj/MainStoryboard_iPhone.storyboard; sourceTree = "<group>"; };
		0432701A167FC9B800B9FE40 /* en */ = {isa = PBXFileReference; lastKnownFileType = file.storyboard; name = en; path = en.lproj/MainStoryboard_iPad.storyboard; sourceTree = "<group>"; };
		0432701C167FC9B800B9FE40 /* ViewController.h */ = {isa = PBXFileReference; lastKnownFileType = sourcecode.c.h; path = ViewController.h; sourceTree = "<group>"; };
		0432701D167FC9B800B9FE40 /* ViewController.m */ = {isa = PBXFileReference; lastKnownFileType = sourcecode.c.objc; path = ViewController.m; sourceTree = "<group>"; };
		04327024167FC9B800B9FE40 /* NewCalculatorTests.octest */ = {isa = PBXFileReference; explicitFileType = wrapper.cfbundle; includeInIndex = 0; path = NewCalculatorTests.octest; sourceTree = BUILT_PRODUCTS_DIR; };
		04327025167FC9B800B9FE40 /* SenTestingKit.framework */ = {isa = PBXFileReference; lastKnownFileType = wrapper.framework; name = SenTestingKit.framework; path = Library/Frameworks/SenTestingKit.framework; sourceTree = DEVELOPER_DIR; };
		0432702D167FC9B800B9FE40 /* NewCalculatorTests-Info.plist */ = {isa = PBXFileReference; lastKnownFileType = text.plist.xml; path = "NewCalculatorTests-Info.plist"; sourceTree = "<group>"; };
		0432702F167FC9B800B9FE40 /* en */ = {isa = PBXFileReference; lastKnownFileType = text.plist.strings; name = en; path = en.lproj/InfoPlist.strings; sourceTree = "<group>"; };
		04327031167FC9B800B9FE40 /* NewCalculatorTests.h */ = {isa = PBXFileReference; lastKnownFileType = sourcecode.c.h; path = NewCalculatorTests.h; sourceTree = "<group>"; };
		04327032167FC9B800B9FE40 /* NewCalculatorTests.m */ = {isa = PBXFileReference; lastKnownFileType = sourcecode.c.objc; path = NewCalculatorTests.m; sourceTree = "<group>"; };
/* End PBXFileReference section */

/* Begin PBXFrameworksBuildPhase section */
		04326FF7167FC9B800B9FE40 /* Frameworks */ = {
			isa = PBXFrameworksBuildPhase;
			buildActionMask = 2147483647;
			files = (
				04326FFF167FC9B800B9FE40 /* UIKit.framework in Frameworks */,
				04327001167FC9B800B9FE40 /* Foundation.framework in Frameworks */,
				04327003167FC9B800B9FE40 /* CoreGraphics.framework in Frameworks */,
			);
			runOnlyForDeploymentPostprocessing = 0;
		};
		04327020167FC9B800B9FE40 /* Frameworks */ = {
			isa = PBXFrameworksBuildPhase;
			buildActionMask = 2147483647;
			files = (
				04327026167FC9B800B9FE40 /* SenTestingKit.framework in Frameworks */,
				04327027167FC9B800B9FE40 /* UIKit.framework in Frameworks */,
				04327028167FC9B800B9FE40 /* Foundation.framework in Frameworks */,
			);
			runOnlyForDeploymentPostprocessing = 0;
		};
/* End PBXFrameworksBuildPhase section */

/* Begin PBXGroup section */
		04326FEF167FC9B800B9FE40 = {
			isa = PBXGroup;
			children = (
				04327004167FC9B800B9FE40 /* NewCalculator */,
				0432702B167FC9B800B9FE40 /* NewCalculatorTests */,
				04326FFD167FC9B800B9FE40 /* Frameworks */,
				04326FFB167FC9B800B9FE40 /* Products */,
			);
			sourceTree = "<group>";
		};
		04326FFB167FC9B800B9FE40 /* Products */ = {
			isa = PBXGroup;
			children = (
				04326FFA167FC9B800B9FE40 /* NewCalculator.app */,
				04327024167FC9B800B9FE40 /* NewCalculatorTests.octest */,
			);
			name = Products;
			sourceTree = "<group>";
		};
		04326FFD167FC9B800B9FE40 /* Frameworks */ = {
			isa = PBXGroup;
			children = (
				04326FFE167FC9B800B9FE40 /* UIKit.framework */,
				04327000167FC9B800B9FE40 /* Foundation.framework */,
				04327002167FC9B800B9FE40 /* CoreGraphics.framework */,
				04327025167FC9B800B9FE40 /* SenTestingKit.framework */,
			);
			name = Frameworks;
			sourceTree = "<group>";
		};
		04327004167FC9B800B9FE40 /* NewCalculator */ = {
			isa = PBXGroup;
			children = (
				0432700D167FC9B800B9FE40 /* AppDelegate.h */,
				0432700E167FC9B800B9FE40 /* AppDelegate.m */,
				04327016167FC9B800B9FE40 /* MainStoryboard_iPhone.storyboard */,
				04327019167FC9B800B9FE40 /* MainStoryboard_iPad.storyboard */,
				0432701C167FC9B800B9FE40 /* ViewController.h */,
				0432701D167FC9B800B9FE40 /* ViewController.m */,
				04327005167FC9B800B9FE40 /* Supporting Files */,
			);
			path = NewCalculator;
			sourceTree = "<group>";
		};
		04327005167FC9B800B9FE40 /* Supporting Files */ = {
			isa = PBXGroup;
			children = (
				04327006167FC9B800B9FE40 /* NewCalculator-Info.plist */,
				04327007167FC9B800B9FE40 /* InfoPlist.strings */,
				0432700A167FC9B800B9FE40 /* main.m */,
				0432700C167FC9B800B9FE40 /* NewCalculator-Prefix.pch */,
				04327010167FC9B800B9FE40 /* Default.png */,
				04327012167FC9B800B9FE40 /* Default@2x.png */,
				04327014167FC9B800B9FE40 /* Default-568h@2x.png */,
			);
			name = "Supporting Files";
			sourceTree = "<group>";
		};
		0432702B167FC9B800B9FE40 /* NewCalculatorTests */ = {
			isa = PBXGroup;
			children = (
				04327031167FC9B800B9FE40 /* NewCalculatorTests.h */,
				04327032167FC9B800B9FE40 /* NewCalculatorTests.m */,
				0432702C167FC9B800B9FE40 /* Supporting Files */,
			);
			path = NewCalculatorTests;
			sourceTree = "<group>";
		};
		0432702C167FC9B800B9FE40 /* Supporting Files */ = {
			isa = PBXGroup;
			children = (
				0432702D167FC9B800B9FE40 /* NewCalculatorTests-Info.plist */,
				0432702E167FC9B800B9FE40 /* InfoPlist.strings */,
			);
			name = "Supporting Files";
			sourceTree = "<group>";
		};
/* End PBXGroup section */

/* Begin PBXNativeTarget section */
		04326FF9167FC9B800B9FE40 /* NewCalculator */ = {
			isa = PBXNativeTarget;
			buildConfigurationList = 04327036167FC9B800B9FE40 /* Build configuration list for PBXNativeTarget "NewCalculator" */;
			buildPhases = (
				04326FF6167FC9B800B9FE40 /* Sources */,
				04326FF7167FC9B800B9FE40 /* Frameworks */,
				04326FF8167FC9B800B9FE40 /* Resources */,
			);
			buildRules = (
			);
			dependencies = (
			);
			name = NewCalculator;
			productName = NewCalculator;
			productReference = 04326FFA167FC9B800B9FE40 /* NewCalculator.app */;
			productType = "com.apple.product-type.application";
		};
		04327023167FC9B800B9FE40 /* NewCalculatorTests */ = {
			isa = PBXNativeTarget;
			buildConfigurationList = 04327039167FC9B800B9FE40 /* Build configuration list for PBXNativeTarget "NewCalculatorTests" */;
			buildPhases = (
				0432701F167FC9B800B9FE40 /* Sources */,
				04327020167FC9B800B9FE40 /* Frameworks */,
				04327021167FC9B800B9FE40 /* Resources */,
				04327022167FC9B800B9FE40 /* ShellScript */,
			);
			buildRules = (
			);
			dependencies = (
				0432702A167FC9B800B9FE40 /* PBXTargetDependency */,
			);
			name = NewCalculatorTests;
			productName = NewCalculatorTests;
			productReference = 04327024167FC9B800B9FE40 /* NewCalculatorTests.octest */;
			productType = "com.apple.product-type.bundle";
		};
/* End PBXNativeTarget section */

/* Begin PBXProject section */
		04326FF1167FC9B800B9FE40 /* Project object */ = {
			isa = PBXProject;
			attributes = {
				LastUpgradeCheck = 0450;
				ORGANIZATIONNAME = eamars;
			};
			buildConfigurationList = 04326FF4167FC9B800B9FE40 /* Build configuration list for PBXProject "NewCalculator" */;
			compatibilityVersion = "Xcode 3.2";
			developmentRegion = English;
			hasScannedForEncodings = 0;
			knownRegions = (
				en,
			);
			mainGroup = 04326FEF167FC9B800B9FE40;
			productRefGroup = 04326FFB167FC9B800B9FE40 /* Products */;
			projectDirPath = "";
			projectRoot = "";
			targets = (
				04326FF9167FC9B800B9FE40 /* NewCalculator */,
				04327023167FC9B800B9FE40 /* NewCalculatorTests */,
			);
		};
/* End PBXProject section */

/* Begin PBXResourcesBuildPhase section */
		04326FF8167FC9B800B9FE40 /* Resources */ = {
			isa = PBXResourcesBuildPhase;
			buildActionMask = 2147483647;
			files = (
				04327009167FC9B800B9FE40 /* InfoPlist.strings in Resources */,
				04327011167FC9B800B9FE40 /* Default.png in Resources */,
				04327013167FC9B800B9FE40 /* Default@2x.png in Resources */,
				04327015167FC9B800B9FE40 /* Default-568h@2x.png in Resources */,
				04327018167FC9B800B9FE40 /* MainStoryboard_iPhone.storyboard in Resources */,
				0432701B167FC9B800B9FE40 /* MainStoryboard_iPad.storyboard in Resources */,
			);
			runOnlyForDeploymentPostprocessing = 0;
		};
		04327021167FC9B800B9FE40 /* Resources */ = {
			isa = PBXResourcesBuildPhase;
			buildActionMask = 2147483647;
			files = (
				04327030167FC9B800B9FE40 /* InfoPlist.strings in Resources */,
			);
			runOnlyForDeploymentPostprocessing = 0;
		};
/* End PBXResourcesBuildPhase section */

/* Begin PBXShellScriptBuildPhase section */
		04327022167FC9B800B9FE40 /* ShellScript */ = {
			isa = PBXShellScriptBuildPhase;
			buildActionMask = 2147483647;
			files = (
			);
			inputPaths = (
			);
			outputPaths = (
			);
			runOnlyForDeploymentPostprocessing = 0;
			shellPath = /bin/sh;
			shellScript = "# Run the unit tests in this test bundle.\n\"${SYSTEM_DEVELOPER_DIR}/Tools/RunUnitTests\"\n";
		};
/* End PBXShellScriptBuildPhase section */

/* Begin PBXSourcesBuildPhase section */
		04326FF6167FC9B800B9FE40 /* Sources */ = {
			isa = PBXSourcesBuildPhase;
			buildActionMask = 2147483647;
			files = (
				0432700B167FC9B800B9FE40 /* main.m in Sources */,
				0432700F167FC9B800B9FE40 /* AppDelegate.m in Sources */,
				0432701E167FC9B800B9FE40 /* ViewController.m in Sources */,
			);
			runOnlyForDeploymentPostprocessing = 0;
		};
		0432701F167FC9B800B9FE40 /* Sources */ = {
			isa = PBXSourcesBuildPhase;
			buildActionMask = 2147483647;
			files = (
				04327033167FC9B800B9FE40 /* NewCalculatorTests.m in Sources */,
			);
			runOnlyForDeploymentPostprocessing = 0;
		};
/* End PBXSourcesBuildPhase section */

/* Begin PBXTargetDependency section */
		0432702A167FC9B800B9FE40 /* PBXTargetDependency */ = {
			isa = PBXTargetDependency;
			target = 04326FF9167FC9B800B9FE40 /* NewCalculator */;
			targetProxy = 04327029167FC9B800B9FE40 /* PBXContainerItemProxy */;
		};
/* End PBXTargetDependency section */

/* Begin PBXVariantGroup section */
		04327007167FC9B800B9FE40 /* InfoPlist.strings */ = {
			isa = PBXVariantGroup;
			children = (
				04327008167FC9B800B9FE40 /* en */,
			);
			name = InfoPlist.strings;
			sourceTree = "<group>";
		};
		04327016167FC9B800B9FE40 /* MainStoryboard_iPhone.storyboard */ = {
			isa = PBXVariantGroup;
			children = (
				04327017167FC9B800B9FE40 /* en */,
			);
			name = MainStoryboard_iPhone.storyboard;
			sourceTree = "<group>";
		};
		04327019167FC9B800B9FE40 /* MainStoryboard_iPad.storyboard */ = {
			isa = PBXVariantGroup;
			children = (
				0432701A167FC9B800B9FE40 /* en */,
			);
			name = MainStoryboard_iPad.storyboard;
			sourceTree = "<group>";
		};
		0432702E167FC9B800B9FE40 /* InfoPlist.strings */ = {
			isa = PBXVariantGroup;
			children = (
				0432702F167FC9B800B9FE40 /* en */,
			);
			name = InfoPlist.strings;
			sourceTree = "<group>";
		};
/* End PBXVariantGroup section */

/* Begin XCBuildConfiguration section */
		04327034167FC9B800B9FE40 /* Debug */ = {
			isa = XCBuildConfiguration;
			buildSettings = {
				ALWAYS_SEARCH_USER_PATHS = NO;
				CLANG_CXX_LANGUAGE_STANDARD = "gnu++0x";
				CLANG_CXX_LIBRARY = "libc++";
				CLANG_ENABLE_OBJC_ARC = YES;
				CLANG_WARN_EMPTY_BODY = YES;
				CLANG_WARN__DUPLICATE_METHOD_MATCH = YES;
				"CODE_SIGN_IDENTITY[sdk=iphoneos*]" = "iPhone Developer";
				COPY_PHASE_STRIP = NO;
				GCC_C_LANGUAGE_STANDARD = gnu99;
				GCC_DYNAMIC_NO_PIC = NO;
				GCC_OPTIMIZATION_LEVEL = 0;
				GCC_PREPROCESSOR_DEFINITIONS = (
					"DEBUG=1",
					"$(inherited)",
				);
				GCC_SYMBOLS_PRIVATE_EXTERN = NO;
				GCC_WARN_ABOUT_RETURN_TYPE = YES;
				GCC_WARN_UNINITIALIZED_AUTOS = YES;
				GCC_WARN_UNUSED_VARIABLE = YES;
				IPHONEOS_DEPLOYMENT_TARGET = 6.0;
				ONLY_ACTIVE_ARCH = YES;
				SDKROOT = iphoneos;
				TARGETED_DEVICE_FAMILY = "1,2";
			};
			name = Debug;
		};
		04327035167FC9B800B9FE40 /* Release */ = {
			isa = XCBuildConfiguration;
			buildSettings = {
				ALWAYS_SEARCH_USER_PATHS = NO;
				CLANG_CXX_LANGUAGE_STANDARD = "gnu++0x";
				CLANG_CXX_LIBRARY = "libc++";
				CLANG_ENABLE_OBJC_ARC = YES;
				CLANG_WARN_EMPTY_BODY = YES;
				CLANG_WARN__DUPLICATE_METHOD_MATCH = YES;
				"CODE_SIGN_IDENTITY[sdk=iphoneos*]" = "iPhone Developer";
				COPY_PHASE_STRIP = YES;
				GCC_C_LANGUAGE_STANDARD = gnu99;
				GCC_WARN_ABOUT_RETURN_TYPE = YES;
				GCC_WARN_UNINITIALIZED_AUTOS = YES;
				GCC_WARN_UNUSED_VARIABLE = YES;
				IPHONEOS_DEPLOYMENT_TARGET = 6.0;
				OTHER_CFLAGS = "-DNS_BLOCK_ASSERTIONS=1";
				SDKROOT = iphoneos;
				TARGETED_DEVICE_FAMILY = "1,2";
				VALIDATE_PRODUCT = YES;
			};
			name = Release;
		};
		04327037167FC9B800B9FE40 /* Debug */ = {
			isa = XCBuildConfiguration;
			buildSettings = {
				GCC_PRECOMPILE_PREFIX_HEADER = YES;
				GCC_PREFIX_HEADER = "NewCalculator/NewCalculator-Prefix.pch";
				INFOPLIST_FILE = "NewCalculator/NewCalculator-Info.plist";
				PRODUCT_NAME = "$(TARGET_NAME)";
				WRAPPER_EXTENSION = app;
			};
			name = Debug;
		};
		04327038167FC9B800B9FE40 /* Release */ = {
			isa = XCBuildConfiguration;
			buildSettings = {
				GCC_PRECOMPILE_PREFIX_HEADER = YES;
				GCC_PREFIX_HEADER = "NewCalculator/NewCalculator-Prefix.pch";
				INFOPLIST_FILE = "NewCalculator/NewCalculator-Info.plist";
				PRODUCT_NAME = "$(TARGET_NAME)";
				WRAPPER_EXTENSION = app;
			};
			name = Release;
		};
		0432703A167FC9B800B9FE40 /* Debug */ = {
			isa = XCBuildConfiguration;
			buildSettings = {
				BUNDLE_LOADER = "$(BUILT_PRODUCTS_DIR)/NewCalculator.app/NewCalculator";
				FRAMEWORK_SEARCH_PATHS = (
					"\"$(SDKROOT)/Developer/Library/Frameworks\"",
					"\"$(DEVELOPER_LIBRARY_DIR)/Frameworks\"",
				);
				GCC_PRECOMPILE_PREFIX_HEADER = YES;
				GCC_PREFIX_HEADER = "NewCalculator/NewCalculator-Prefix.pch";
				INFOPLIST_FILE = "NewCalculatorTests/NewCalculatorTests-Info.plist";
				PRODUCT_NAME = "$(TARGET_NAME)";
				TEST_HOST = "$(BUNDLE_LOADER)";
				WRAPPER_EXTENSION = octest;
			};
			name = Debug;
		};
		0432703B167FC9B800B9FE40 /* Release */ = {
			isa = XCBuildConfiguration;
			buildSettings = {
				BUNDLE_LOADER = "$(BUILT_PRODUCTS_DIR)/NewCalculator.app/NewCalculator";
				FRAMEWORK_SEARCH_PATHS = (
					"\"$(SDKROOT)/Developer/Library/Frameworks\"",
					"\"$(DEVELOPER_LIBRARY_DIR)/Frameworks\"",
				);
				GCC_PRECOMPILE_PREFIX_HEADER = YES;
				GCC_PREFIX_HEADER = "NewCalculator/NewCalculator-Prefix.pch";
				INFOPLIST_FILE = "NewCalculatorTests/NewCalculatorTests-Info.plist";
				PRODUCT_NAME = "$(TARGET_NAME)";
				TEST_HOST = "$(BUNDLE_LOADER)";
				WRAPPER_EXTENSION = octest;
			};
			name = Release;
		};
/* End XCBuildConfiguration section */

/* Begin XCConfigurationList section */
		04326FF4167FC9B800B9FE40 /* Build configuration list for PBXProject "NewCalculator" */ = {
			isa = XCConfigurationList;
			buildConfigurations = (
				04327034167FC9B800B9FE40 /* Debug */,
				04327035167FC9B800B9FE40 /* Release */,
			);
			defaultConfigurationIsVisible = 0;
			defaultConfigurationName = Release;
		};
		04327036167FC9B800B9FE40 /* Build configuration list for PBXNativeTarget "NewCalculator" */ = {
			isa = XCConfigurationList;
			buildConfigurations = (
				04327037167FC9B800B9FE40 /* Debug */,
				04327038167FC9B800B9FE40 /* Release */,
			);
			defaultConfigurationIsVisible = 0;
		};
		04327039167FC9B800B9FE40 /* Build configuration list for PBXNativeTarget "NewCalculatorTests" */ = {
			isa = XCConfigurationList;
			buildConfigurations = (
				0432703A167FC9B800B9FE40 /* Debug */,
				0432703B167FC9B800B9FE40 /* Release */,
			);
			defaultConfigurationIsVisible = 0;
		};
/* End XCConfigurationList section */
	};
	rootObject = 04326FF1167FC9B800B9FE40 /* Project object */;
}
